
Microsoft Visual Studio Solution File, Format Version 12.00
# Visual Studio Version 16
VisualStudioVersion = 16.0.31321.278
MinimumVisualStudioVersion = 10.0.40219.1
Project("{9A19103F-16F7-4668-BE54-9A1E7A4F7556}") = "Manage.Application", "Manage.Application\Manage.Application.csproj", "{309355FE-D9FE-48AE-AF01-43A88E92CC20}"
EndProject
Project("{9A19103F-16F7-4668-BE54-9A1E7A4F7556}") = "Manage.Core", "Manage.Core\Manage.Core.csproj", "{36016192-E082-460C-93A9-DB6A3E316523}"
EndProject
Project("{9A19103F-16F7-4668-BE54-9A1E7A4F7556}") = "Manage.Infrastructure", "Manage.Infrastructure\Manage.Infrastructure.csproj", "{0546315E-8AA8-4EFB-9E15-2645A43FA80F}"
EndProject
Project("{9A19103F-16F7-4668-BE54-9A1E7A4F7556}") = "Manage.WebApi", "Manage.WebApi\Manage.WebApi.csproj", "{FE1D213B-084C-40B5-B90D-FEEF9E677B9E}"
EndProject
Project("{FAE04EC0-301F-11D3-BF4B-00C04F79EFBC}") = "Manage.Web", "Manage.Web\Manage.Web.csproj", "{D30D1DF2-60DC-48CB-8C10-3B1117D0FDA9}"
EndProject
Global
	GlobalSection(SolutionConfigurationPlatforms) = preSolution
		Debug|Any CPU = Debug|Any CPU
		Release|Any CPU = Release|Any CPU
	EndGlobalSection
	GlobalSection(ProjectConfigurationPlatforms) = postSolution
		{309355FE-D9FE-48AE-AF01-43A88E92CC20}.Debug|Any CPU.ActiveCfg = Debug|Any CPU
		{309355FE-D9FE-48AE-AF01-43A88E92CC20}.Debug|Any CPU.Build.0 = Debug|Any CPU
		{309355FE-D9FE-48AE-AF01-43A88E92CC20}.Release|Any CPU.ActiveCfg = Release|Any CPU
		{309355FE-D9FE-48AE-AF01-43A88E92CC20}.Release|Any CPU.Build.0 = Release|Any CPU
		{36016192-E082-460C-93A9-DB6A3E316523}.Debug|Any CPU.ActiveCfg = Debug|Any CPU
		{36016192-E082-460C-93A9-DB6A3E316523}.Debug|Any CPU.Build.0 = Debug|Any CPU
		{36016192-E082-460C-93A9-DB6A3E316523}.Release|Any CPU.ActiveCfg = Release|Any CPU
		{36016192-E082-460C-93A9-DB6A3E316523}.Release|Any CPU.Build.0 = Release|Any CPU
		{0546315E-8AA8-4EFB-9E15-2645A43FA80F}.Debug|Any CPU.ActiveCfg = Debug|Any CPU
		{0546315E-8AA8-4EFB-9E15-2645A43FA80F}.Debug|Any CPU.Build.0 = Debug|Any CPU
		{0546315E-8AA8-4EFB-9E15-2645A43FA80F}.Release|Any CPU.ActiveCfg = Release|Any CPU
		{0546315E-8AA8-4EFB-9E15-2645A43FA80F}.Release|Any CPU.Build.0 = Release|Any CPU
		{FE1D213B-084C-40B5-B90D-FEEF9E677B9E}.Debug|Any CPU.ActiveCfg = Debug|Any CPU
		{FE1D213B-084C-40B5-B90D-FEEF9E677B9E}.Debug|Any CPU.Build.0 = Debug|Any CPU
		{FE1D213B-084C-40B5-B90D-FEEF9E677B9E}.Release|Any CPU.ActiveCfg = Release|Any CPU
		{FE1D213B-084C-40B5-B90D-FEEF9E677B9E}.Release|Any CPU.Build.0 = Release|Any CPU
		{D30D1DF2-60DC-48CB-8C10-3B1117D0FDA9}.Debug|Any CPU.ActiveCfg = Debug|Any CPU
		{D30D1DF2-60DC-48CB-8C10-3B1117D0FDA9}.Debug|Any CPU.Build.0 = Debug|Any CPU
		{D30D1DF2-60DC-48CB-8C10-3B1117D0FDA9}.Release|Any CPU.ActiveCfg = Release|Any CPU
		{D30D1DF2-60DC-48CB-8C10-3B1117D0FDA9}.Release|Any CPU.Build.0 = Release|Any CPU
	EndGlobalSection
	GlobalSection(SolutionProperties) = preSolution
		HideSolutionNode = FALSE
	EndGlobalSection
	GlobalSection(ExtensibilityGlobals) = postSolution
		SolutionGuid = {07F93DFB-AF59-4FBA-AB0B-37CDC6665DB9}
	EndGlobalSection
EndGlobal
